// !$*UTF8*$!
{
	archiveVersion = 1;
	classes = {
	};
	objectVersion = 46;
	objects = {

/* Begin PBXBuildFile section */
		B06FDDF61B7652D500679570 /* AppDelegate.swift in Sources */ = {isa = PBXBuildFile; fileRef = B06FDDF51B7652D500679570 /* AppDelegate.swift */; };
		B06FDDFC1B7652D500679570 /* GameViewController.swift in Sources */ = {isa = PBXBuildFile; fileRef = B06FDDFB1B7652D500679570 /* GameViewController.swift */; };
		B06FDDFF1B7652D500679570 /* Main.storyboard in Resources */ = {isa = PBXBuildFile; fileRef = B06FDDFD1B7652D500679570 /* Main.storyboard */; };
		B06FDE011B7652D500679570 /* Images.xcassets in Resources */ = {isa = PBXBuildFile; fileRef = B06FDE001B7652D500679570 /* Images.xcassets */; };
		B06FDE041B7652D500679570 /* LaunchScreen.xib in Resources */ = {isa = PBXBuildFile; fileRef = B06FDE021B7652D500679570 /* LaunchScreen.xib */; };
		B06FDE101B7652D500679570 /* grubby_worm_swiftTests.swift in Sources */ = {isa = PBXBuildFile; fileRef = B06FDE0F1B7652D500679570 /* grubby_worm_swiftTests.swift */; };
		B06FDE1A1B76557F00679570 /* README.md in Sources */ = {isa = PBXBuildFile; fileRef = B06FDE191B76557F00679570 /* README.md */; };
		B071920F1B77A4A900BD8457 /* DataStruct.swift in Sources */ = {isa = PBXBuildFile; fileRef = B071920E1B77A4A900BD8457 /* DataStruct.swift */; };
		B07192111B77A4BC00BD8457 /* AppTheme.swift in Sources */ = {isa = PBXBuildFile; fileRef = B07192101B77A4BC00BD8457 /* AppTheme.swift */; };
		B0A5AC721B765D5D003D7924 /* GameScene.swift in Sources */ = {isa = PBXBuildFile; fileRef = B0A5AC711B765D5D003D7924 /* GameScene.swift */; };
/* End PBXBuildFile section */

/* Begin PBXContainerItemProxy section */
		B06FDE0A1B7652D500679570 /* PBXContainerItemProxy */ = {
			isa = PBXContainerItemProxy;
			containerPortal = B06FDDE81B7652D500679570 /* Project object */;
			proxyType = 1;
			remoteGlobalIDString = B06FDDEF1B7652D500679570;
			remoteInfo = "grubby-worm-swift";
		};
/* End PBXContainerItemProxy section */

/* Begin PBXFileReference section */
		B06FDDF01B7652D500679570 /* grubby-worm-swift.app */ = {isa = PBXFileReference; explicitFileType = wrapper.application; includeInIndex = 0; path = "grubby-worm-swift.app"; sourceTree = BUILT_PRODUCTS_DIR; };
		B06FDDF41B7652D500679570 /* Info.plist */ = {isa = PBXFileReference; lastKnownFileType = text.plist.xml; path = Info.plist; sourceTree = "<group>"; };
		B06FDDF51B7652D500679570 /* AppDelegate.swift */ = {isa = PBXFileReference; lastKnownFileType = sourcecode.swift; path = AppDelegate.swift; sourceTree = "<group>"; };
		B06FDDFB1B7652D500679570 /* GameViewController.swift */ = {isa = PBXFileReference; lastKnownFileType = sourcecode.swift; path = GameViewController.swift; sourceTree = "<group>"; };
		B06FDDFE1B7652D500679570 /* Base */ = {isa = PBXFileReference; lastKnownFileType = file.storyboard; name = Base; path = Base.lproj/Main.storyboard; sourceTree = "<group>"; };
		B06FDE001B7652D500679570 /* Images.xcassets */ = {isa = PBXFileReference; lastKnownFileType = folder.assetcatalog; path = Images.xcassets; sourceTree = "<group>"; };
		B06FDE031B7652D500679570 /* Base */ = {isa = PBXFileReference; lastKnownFileType = file.xib; name = Base; path = Base.lproj/LaunchScreen.xib; sourceTree = "<group>"; };
		B06FDE091B7652D500679570 /* grubby-worm-swiftTests.xctest */ = {isa = PBXFileReference; explicitFileType = wrapper.cfbundle; includeInIndex = 0; path = "grubby-worm-swiftTests.xctest"; sourceTree = BUILT_PRODUCTS_DIR; };
		B06FDE0E1B7652D500679570 /* Info.plist */ = {isa = PBXFileReference; lastKnownFileType = text.plist.xml; path = Info.plist; sourceTree = "<group>"; };
		B06FDE0F1B7652D500679570 /* grubby_worm_swiftTests.swift */ = {isa = PBXFileReference; lastKnownFileType = sourcecode.swift; path = grubby_worm_swiftTests.swift; sourceTree = "<group>"; };
		B06FDE191B76557F00679570 /* README.md */ = {isa = PBXFileReference; fileEncoding = 4; lastKnownFileType = net.daringfireball.markdown; path = README.md; sourceTree = SOURCE_ROOT; };
		B071920E1B77A4A900BD8457 /* DataStruct.swift */ = {isa = PBXFileReference; fileEncoding = 4; lastKnownFileType = sourcecode.swift; path = DataStruct.swift; sourceTree = "<group>"; };
		B07192101B77A4BC00BD8457 /* AppTheme.swift */ = {isa = PBXFileReference; fileEncoding = 4; lastKnownFileType = sourcecode.swift; path = AppTheme.swift; sourceTree = "<group>"; };
		B0A5AC711B765D5D003D7924 /* GameScene.swift */ = {isa = PBXFileReference; fileEncoding = 4; lastKnownFileType = sourcecode.swift; path = GameScene.swift; sourceTree = "<group>"; };
/* End PBXFileReference section */

/* Begin PBXFrameworksBuildPhase section */
		B06FDDED1B7652D500679570 /* Frameworks */ = {
			isa = PBXFrameworksBuildPhase;
			buildActionMask = 2147483647;
			files = (
			);
			runOnlyForDeploymentPostprocessing = 0;
		};
		B06FDE061B7652D500679570 /* Frameworks */ = {
			isa = PBXFrameworksBuildPhase;
			buildActionMask = 2147483647;
			files = (
			);
			runOnlyForDeploymentPostprocessing = 0;
		};
/* End PBXFrameworksBuildPhase section */

/* Begin PBXGroup section */
		B06FDDE71B7652D500679570 = {
			isa = PBXGroup;
			children = (
				B06FDDF21B7652D500679570 /* grubby-worm-swift */,
				B06FDE0C1B7652D500679570 /* grubby-worm-swiftTests */,
				B06FDDF11B7652D500679570 /* Products */,
			);
			sourceTree = "<group>";
		};
		B06FDDF11B7652D500679570 /* Products */ = {
			isa = PBXGroup;
			children = (
				B06FDDF01B7652D500679570 /* grubby-worm-swift.app */,
				B06FDE091B7652D500679570 /* grubby-worm-swiftTests.xctest */,
			);
			name = Products;
			sourceTree = "<group>";
		};
		B06FDDF21B7652D500679570 /* grubby-worm-swift */ = {
			isa = PBXGroup;
			children = (
				B07192101B77A4BC00BD8457 /* AppTheme.swift */,
				B071920E1B77A4A900BD8457 /* DataStruct.swift */,
				B0A5AC711B765D5D003D7924 /* GameScene.swift */,
				B06FDE001B7652D500679570 /* Images.xcassets */,
				B06FDDF31B7652D500679570 /* Supporting Files */,
			);
			path = "grubby-worm-swift";
			sourceTree = "<group>";
		};
		B06FDDF31B7652D500679570 /* Supporting Files */ = {
			isa = PBXGroup;
			children = (
				B06FDE191B76557F00679570 /* README.md */,
				B06FDDF51B7652D500679570 /* AppDelegate.swift */,
				B06FDDFB1B7652D500679570 /* GameViewController.swift */,
				B06FDDFD1B7652D500679570 /* Main.storyboard */,
				B06FDE021B7652D500679570 /* LaunchScreen.xib */,
				B06FDDF41B7652D500679570 /* Info.plist */,
			);
			name = "Supporting Files";
			sourceTree = "<group>";
		};
		B06FDE0C1B7652D500679570 /* grubby-worm-swiftTests */ = {
			isa = PBXGroup;
			children = (
				B06FDE0F1B7652D500679570 /* grubby_worm_swiftTests.swift */,
				B06FDE0D1B7652D500679570 /* Supporting Files */,
			);
			path = "grubby-worm-swiftTests";
			sourceTree = "<group>";
		};
		B06FDE0D1B7652D500679570 /* Supporting Files */ = {
			isa = PBXGroup;
			children = (
				B06FDE0E1B7652D500679570 /* Info.plist */,
			);
			name = "Supporting Files";
			sourceTree = "<group>";
		};
/* End PBXGroup section */

/* Begin PBXNativeTarget section */
		B06FDDEF1B7652D500679570 /* grubby-worm-swift */ = {
			isa = PBXNativeTarget;
			buildConfigurationList = B06FDE131B7652D500679570 /* Build configuration list for PBXNativeTarget "grubby-worm-swift" */;
			buildPhases = (
				B06FDDEC1B7652D500679570 /* Sources */,
				B06FDDED1B7652D500679570 /* Frameworks */,
				B06FDDEE1B7652D500679570 /* Resources */,
			);
			buildRules = (
			);
			dependencies = (
			);
			name = "grubby-worm-swift";
			productName = "grubby-worm-swift";
			productReference = B06FDDF01B7652D500679570 /* grubby-worm-swift.app */;
			productType = "com.apple.product-type.application";
		};
		B06FDE081B7652D500679570 /* grubby-worm-swiftTests */ = {
			isa = PBXNativeTarget;
			buildConfigurationList = B06FDE161B7652D500679570 /* Build configuration list for PBXNativeTarget "grubby-worm-swiftTests" */;
			buildPhases = (
				B06FDE051B7652D500679570 /* Sources */,
				B06FDE061B7652D500679570 /* Frameworks */,
				B06FDE071B7652D500679570 /* Resources */,
			);
			buildRules = (
			);
			dependencies = (
				B06FDE0B1B7652D500679570 /* PBXTargetDependency */,
			);
			name = "grubby-worm-swiftTests";
			productName = "grubby-worm-swiftTests";
			productReference = B06FDE091B7652D500679570 /* grubby-worm-swiftTests.xctest */;
			productType = "com.apple.product-type.bundle.unit-test";
		};
/* End PBXNativeTarget section */

/* Begin PBXProject section */
		B06FDDE81B7652D500679570 /* Project object */ = {
			isa = PBXProject;
			attributes = {
				LastSwiftUpdateCheck = 0700;
				LastUpgradeCheck = 0640;
				ORGANIZATIONNAME = SWIFT.HOW;
				TargetAttributes = {
					B06FDDEF1B7652D500679570 = {
						CreatedOnToolsVersion = 6.4;
						DevelopmentTeam = UMQMHH9L4Q;
					};
					B06FDE081B7652D500679570 = {
						CreatedOnToolsVersion = 6.4;
						TestTargetID = B06FDDEF1B7652D500679570;
					};
				};
			};
			buildConfigurationList = B06FDDEB1B7652D500679570 /* Build configuration list for PBXProject "grubby-worm-swift" */;
			compatibilityVersion = "Xcode 3.2";
			developmentRegion = English;
			hasScannedForEncodings = 0;
			knownRegions = (
				en,
				Base,
			);
			mainGroup = B06FDDE71B7652D500679570;
			productRefGroup = B06FDDF11B7652D500679570 /* Products */;
			projectDirPath = "";
			projectRoot = "";
			targets = (
				B06FDDEF1B7652D500679570 /* grubby-worm-swift */,
				B06FDE081B7652D500679570 /* grubby-worm-swiftTests */,
			);
		};
/* End PBXProject section */

/* Begin PBXResourcesBuildPhase section */
		B06FDDEE1B7652D500679570 /* Resources */ = {
			isa = PBXResourcesBuildPhase;
			buildActionMask = 2147483647;
			files = (
				B06FDE041B7652D500679570 /* LaunchScreen.xib in Resources */,
				B06FDE011B7652D500679570 /* Images.xcassets in Resources */,
				B06FDDFF1B7652D500679570 /* Main.storyboard in Resources */,
			);
			runOnlyForDeploymentPostprocessing = 0;
		};
		B06FDE071B7652D500679570 /* Resources */ = {
			isa = PBXResourcesBuildPhase;
			buildActionMask = 2147483647;
			files = (
			);
			runOnlyForDeploymentPostprocessing = 0;
		};
/* End PBXResourcesBuildPhase section */

/* Begin PBXSourcesBuildPhase section */
		B06FDDEC1B7652D500679570 /* Sources */ = {
			isa = PBXSourcesBuildPhase;
			buildActionMask = 2147483647;
			files = (
				B071920F1B77A4A900BD8457 /* DataStruct.swift in Sources */,
				B06FDDFC1B7652D500679570 /* GameViewController.swift in Sources */,
				B06FDE1A1B76557F00679570 /* README.md in Sources */,
				B07192111B77A4BC00BD8457 /* AppTheme.swift in Sources */,
				B0A5AC721B765D5D003D7924 /* GameScene.swift in Sources */,
				B06FDDF61B7652D500679570 /* AppDelegate.swift in Sources */,
			);
			runOnlyForDeploymentPostprocessing = 0;
		};
		B06FDE051B7652D500679570 /* Sources */ = {
			isa = PBXSourcesBuildPhase;
			buildActionMask = 2147483647;
			files = (
				B06FDE101B7652D500679570 /* grubby_worm_swiftTests.swift in Sources */,
			);
			runOnlyForDeploymentPostprocessing = 0;
		};
/* End PBXSourcesBuildPhase section */

/* Begin PBXTargetDependency section */
		B06FDE0B1B7652D500679570 /* PBXTargetDependency */ = {
			isa = PBXTargetDependency;
			target = B06FDDEF1B7652D500679570 /* grubby-worm-swift */;
			targetProxy = B06FDE0A1B7652D500679570 /* PBXContainerItemProxy */;
		};
/* End PBXTargetDependency section */

/* Begin PBXVariantGroup section */
		B06FDDFD1B7652D500679570 /* Main.storyboard */ = {
			isa = PBXVariantGroup;
			children = (
				B06FDDFE1B7652D500679570 /* Base */,
			);
			name = Main.storyboard;
			sourceTree = "<group>";
		};
		B06FDE021B7652D500679570 /* LaunchScreen.xib */ = {
			isa = PBXVariantGroup;
			children = (
				B06FDE031B7652D500679570 /* Base */,
			);
			name = LaunchScreen.xib;
			sourceTree = "<group>";
		};
/* End PBXVariantGroup section */

/* Begin XCBuildConfiguration section */
		B06FDE111B7652D500679570 /* Debug */ = {
			isa = XCBuildConfiguration;
			buildSettings = {
				ALWAYS_SEARCH_USER_PATHS = NO;
				CLANG_CXX_LANGUAGE_STANDARD = "gnu++0x";
				CLANG_CXX_LIBRARY = "libc++";
				CLANG_ENABLE_MODULES = YES;
				CLANG_ENABLE_OBJC_ARC = YES;
				CLANG_WARN_BOOL_CONVERSION = YES;
				CLANG_WARN_CONSTANT_CONVERSION = YES;
				CLANG_WARN_DIRECT_OBJC_ISA_USAGE = YES_ERROR;
				CLANG_WARN_EMPTY_BODY = YES;
				CLANG_WARN_ENUM_CONVERSION = YES;
				CLANG_WARN_INT_CONVERSION = YES;
				CLANG_WARN_OBJC_ROOT_CLASS = YES_ERROR;
				CLANG_WARN_UNREACHABLE_CODE = YES;
				CLANG_WARN__DUPLICATE_METHOD_MATCH = YES;
				"CODE_SIGN_IDENTITY[sdk=iphoneos*]" = "iPhone Developer";
				COPY_PHASE_STRIP = NO;
				DEBUG_INFORMATION_FORMAT = "dwarf-with-dsym";
				ENABLE_STRICT_OBJC_MSGSEND = YES;
				GCC_C_LANGUAGE_STANDARD = gnu99;
				GCC_DYNAMIC_NO_PIC = NO;
				GCC_NO_COMMON_BLOCKS = YES;
				GCC_OPTIMIZATION_LEVEL = 0;
				GCC_PREPROCESSOR_DEFINITIONS = (
					"DEBUG=1",
					"$(inherited)",
				);
				GCC_SYMBOLS_PRIVATE_EXTERN = NO;
				GCC_WARN_64_TO_32_BIT_CONVERSION = YES;
				GCC_WARN_ABOUT_RETURN_TYPE = YES_ERROR;
				GCC_WARN_UNDECLARED_SELECTOR = YES;
				GCC_WARN_UNINITIALIZED_AUTOS = YES_AGGRESSIVE;
				GCC_WARN_UNUSED_FUNCTION = YES;
				GCC_WARN_UNUSED_VARIABLE = YES;
				IPHONEOS_DEPLOYMENT_TARGET = 8.4;
				MTL_ENABLE_DEBUG_INFO = YES;
				ONLY_ACTIVE_ARCH = YES;
				SDKROOT = iphoneos;
				SWIFT_OPTIMIZATION_LEVEL = "-Onone";
				TARGETED_DEVICE_FAMILY = "1,2";
			};
			name = Debug;
		};
		B06FDE121B7652D500679570 /* Release */ = {
			isa = XCBuildConfiguration;
			buildSettings = {
				ALWAYS_SEARCH_USER_PATHS = NO;
				CLANG_CXX_LANGUAGE_STANDARD = "gnu++0x";
				CLANG_CXX_LIBRARY = "libc++";
				CLANG_ENABLE_MODULES = YES;
				CLANG_ENABLE_OBJC_ARC = YES;
				CLANG_WARN_BOOL_CONVERSION = YES;
				CLANG_WARN_CONSTANT_CONVERSION = YES;
				CLANG_WARN_DIRECT_OBJC_ISA_USAGE = YES_ERROR;
				CLANG_WARN_EMPTY_BODY = YES;
				CLANG_WARN_ENUM_CONVERSION = YES;
				CLANG_WARN_INT_CONVERSION = YES;
				CLANG_WARN_OBJC_ROOT_CLASS = YES_ERROR;
				CLANG_WARN_UNREACHABLE_CODE = YES;
				CLANG_WARN__DUPLICATE_METHOD_MATCH = YES;
				"CODE_SIGN_IDENTITY[sdk=iphoneos*]" = "iPhone Developer";
				COPY_PHASE_STRIP = NO;
				DEBUG_INFORMATION_FORMAT = "dwarf-with-dsym";
				ENABLE_NS_ASSERTIONS = NO;
				ENABLE_STRICT_OBJC_MSGSEND = YES;
				GCC_C_LANGUAGE_STANDARD = gnu99;
				GCC_NO_COMMON_BLOCKS = YES;
				GCC_WARN_64_TO_32_BIT_CONVERSION = YES;
				GCC_WARN_ABOUT_RETURN_TYPE = YES_ERROR;
				GCC_WARN_UNDECLARED_SELECTOR = YES;
				GCC_WARN_UNINITIALIZED_AUTOS = YES_AGGRESSIVE;
				GCC_WARN_UNUSED_FUNCTION = YES;
				GCC_WARN_UNUSED_VARIABLE = YES;
				IPHONEOS_DEPLOYMENT_TARGET = 8.4;
				MTL_ENABLE_DEBUG_INFO = NO;
				SDKROOT = iphoneos;
				TARGETED_DEVICE_FAMILY = "1,2";
				VALIDATE_PRODUCT = YES;
			};
			name = Release;
		};
		B06FDE141B7652D500679570 /* Debug */ = {
			isa = XCBuildConfiguration;
			buildSettings = {
				ASSETCATALOG_COMPILER_APPICON_NAME = AppIcon;
				CODE_SIGN_IDENTITY = "iPhone Developer";
				"CODE_SIGN_IDENTITY[sdk=iphoneos*]" = "iPhone Developer";
				INFOPLIST_FILE = "grubby-worm-swift/Info.plist";
				IPHONEOS_DEPLOYMENT_TARGET = 9.0;
				LD_RUNPATH_SEARCH_PATHS = "$(inherited) @executable_path/Frameworks";
				PRODUCT_NAME = "$(TARGET_NAME)";
				PROVISIONING_PROFILE = "";
			};
			name = Debug;
		};
		B06FDE151B7652D500679570 /* Release */ = {
			isa = XCBuildConfiguration;
			buildSettings = {
				ASSETCATALOG_COMPILER_APPICON_NAME = AppIcon;
				CODE_SIGN_IDENTITY = "iPhone Developer";
				"CODE_SIGN_IDENTITY[sdk=iphoneos*]" = "iPhone Developer";
				INFOPLIST_FILE = "grubby-worm-swift/Info.plist";
				IPHONEOS_DEPLOYMENT_TARGET = 9.0;
				LD_RUNPATH_SEARCH_PATHS = "$(inherited) @executable_path/Frameworks";
				PRODUCT_NAME = "$(TARGET_NAME)";
				PROVISIONING_PROFILE = "";
			};
			name = Release;
		};
		B06FDE171B7652D500679570 /* Debug */ = {
			isa = XCBuildConfiguration;
			buildSettings = {
				BUNDLE_LOADER = "$(TEST_HOST)";
				FRAMEWORK_SEARCH_PATHS = (
					"$(SDKROOT)/Developer/Library/Frameworks",
					"$(inherited)",
				);
				GCC_PREPROCESSOR_DEFINITIONS = (
					"DEBUG=1",
					"$(inherited)",
				);
				INFOPLIST_FILE = "grubby-worm-swiftTests/Info.plist";
				LD_RUNPATH_SEARCH_PATHS = "$(inherited) @executable_path/Frameworks @loader_path/Frameworks";
				PRODUCT_NAME = "$(TARGET_NAME)";
				TEST_HOST = "$(BUILT_PRODUCTS_DIR)/grubby-worm-swift.app/grubby-worm-swift";
			};
			name = Debug;
		};
		B06FDE181B7652D500679570 /* Release */ = {
			isa = XCBuildConfiguration;
			buildSettings = {
				BUNDLE_LOADER = "$(TEST_HOST)";
				FRAMEWORK_SEARCH_PATHS = (
					"$(SDKROOT)/Developer/Library/Frameworks",
					"$(inherited)",
				);
				INFOPLIST_FILE = "grubby-worm-swiftTests/Info.plist";
				LD_RUNPATH_SEARCH_PATHS = "$(inherited) @executable_path/Frameworks @loader_path/Frameworks";
				PRODUCT_NAME = "$(TARGET_NAME)";
				TEST_HOST = "$(BUILT_PRODUCTS_DIR)/grubby-worm-swift.app/grubby-worm-swift";
			};
			name = Release;
		};
/* End XCBuildConfiguration section */

/* Begin XCConfigurationList section */
		B06FDDEB1B7652D500679570 /* Build configuration list for PBXProject "grubby-worm-swift" */ = {
			isa = XCConfigurationList;
			buildConfigurations = (
				B06FDE111B7652D500679570 /* Debug */,
				B06FDE121B7652D500679570 /* Release */,
			);
			defaultConfigurationIsVisible = 0;
			defaultConfigurationName = Release;
		};
		B06FDE131B7652D500679570 /* Build configuration list for PBXNativeTarget "grubby-worm-swift" */ = {
			isa = XCConfigurationList;
			buildConfigurations = (
				B06FDE141B7652D500679570 /* Debug */,
				B06FDE151B7652D500679570 /* Release */,
			);
			defaultConfigurationIsVisible = 0;
			defaultConfigurationName = Release;
		};
		B06FDE161B7652D500679570 /* Build configuration list for PBXNativeTarget "grubby-worm-swiftTests" */ = {
			isa = XCConfigurationList;
			buildConfigurations = (
				B06FDE171B7652D500679570 /* Debug */,
				B06FDE181B7652D500679570 /* Release */,
			);
			defaultConfigurationIsVisible = 0;
			defaultConfigurationName = Release;
		};
/* End XCConfigurationList section */
	};
	rootObject = B06FDDE81B7652D500679570 /* Project object */;
}
