// !$*UTF8*$!
{
	archiveVersion = 1;
	classes = {
	};
	objectVersion = 46;
	objects = {

/* Begin PBXBuildFile section */
		B00222CD1ADEB97E0077DDF1 /* AppDelegate.swift in Sources */ = {isa = PBXBuildFile; fileRef = B00222CC1ADEB97E0077DDF1 /* AppDelegate.swift */; };
		B00222CF1ADEB97E0077DDF1 /* GameScene.sks in Resources */ = {isa = PBXBuildFile; fileRef = B00222CE1ADEB97E0077DDF1 /* GameScene.sks */; };
		B00222D11ADEB97E0077DDF1 /* GameScene.swift in Sources */ = {isa = PBXBuildFile; fileRef = B00222D01ADEB97E0077DDF1 /* GameScene.swift */; };
		B00222D31ADEB97E0077DDF1 /* GameViewController.swift in Sources */ = {isa = PBXBuildFile; fileRef = B00222D21ADEB97E0077DDF1 /* GameViewController.swift */; };
		B00222D61ADEB97E0077DDF1 /* Main.storyboard in Resources */ = {isa = PBXBuildFile; fileRef = B00222D41ADEB97E0077DDF1 /* Main.storyboard */; };
		B00222D81ADEB97E0077DDF1 /* Images.xcassets in Resources */ = {isa = PBXBuildFile; fileRef = B00222D71ADEB97E0077DDF1 /* Images.xcassets */; };
		B00222DB1ADEB97E0077DDF1 /* LaunchScreen.xib in Resources */ = {isa = PBXBuildFile; fileRef = B00222D91ADEB97E0077DDF1 /* LaunchScreen.xib */; };
		B00222E71ADEB97F0077DDF1 /* grubby_worm_swiftTests.swift in Sources */ = {isa = PBXBuildFile; fileRef = B00222E61ADEB97F0077DDF1 /* grubby_worm_swiftTests.swift */; };
/* End PBXBuildFile section */

/* Begin PBXContainerItemProxy section */
		B00222E11ADEB97F0077DDF1 /* PBXContainerItemProxy */ = {
			isa = PBXContainerItemProxy;
			containerPortal = B00222BF1ADEB97E0077DDF1 /* Project object */;
			proxyType = 1;
			remoteGlobalIDString = B00222C61ADEB97E0077DDF1;
			remoteInfo = "grubby-worm-swift";
		};
/* End PBXContainerItemProxy section */

/* Begin PBXFileReference section */
		B00222C71ADEB97E0077DDF1 /* grubby-worm-swift.app */ = {isa = PBXFileReference; explicitFileType = wrapper.application; includeInIndex = 0; path = "grubby-worm-swift.app"; sourceTree = BUILT_PRODUCTS_DIR; };
		B00222CB1ADEB97E0077DDF1 /* Info.plist */ = {isa = PBXFileReference; lastKnownFileType = text.plist.xml; path = Info.plist; sourceTree = "<group>"; };
		B00222CC1ADEB97E0077DDF1 /* AppDelegate.swift */ = {isa = PBXFileReference; lastKnownFileType = sourcecode.swift; path = AppDelegate.swift; sourceTree = "<group>"; };
		B00222CE1ADEB97E0077DDF1 /* GameScene.sks */ = {isa = PBXFileReference; lastKnownFileType = file.sks; path = GameScene.sks; sourceTree = "<group>"; };
		B00222D01ADEB97E0077DDF1 /* GameScene.swift */ = {isa = PBXFileReference; lastKnownFileType = sourcecode.swift; path = GameScene.swift; sourceTree = "<group>"; };
		B00222D21ADEB97E0077DDF1 /* GameViewController.swift */ = {isa = PBXFileReference; lastKnownFileType = sourcecode.swift; path = GameViewController.swift; sourceTree = "<group>"; };
		B00222D51ADEB97E0077DDF1 /* Base */ = {isa = PBXFileReference; lastKnownFileType = file.storyboard; name = Base; path = Base.lproj/Main.storyboard; sourceTree = "<group>"; };
		B00222D71ADEB97E0077DDF1 /* Images.xcassets */ = {isa = PBXFileReference; lastKnownFileType = folder.assetcatalog; path = Images.xcassets; sourceTree = "<group>"; };
		B00222DA1ADEB97E0077DDF1 /* Base */ = {isa = PBXFileReference; lastKnownFileType = file.xib; name = Base; path = Base.lproj/LaunchScreen.xib; sourceTree = "<group>"; };
		B00222E01ADEB97F0077DDF1 /* grubby-worm-swiftTests.xctest */ = {isa = PBXFileReference; explicitFileType = wrapper.cfbundle; includeInIndex = 0; path = "grubby-worm-swiftTests.xctest"; sourceTree = BUILT_PRODUCTS_DIR; };
		B00222E51ADEB97F0077DDF1 /* Info.plist */ = {isa = PBXFileReference; lastKnownFileType = text.plist.xml; path = Info.plist; sourceTree = "<group>"; };
		B00222E61ADEB97F0077DDF1 /* grubby_worm_swiftTests.swift */ = {isa = PBXFileReference; lastKnownFileType = sourcecode.swift; path = grubby_worm_swiftTests.swift; sourceTree = "<group>"; };
/* End PBXFileReference section */

/* Begin PBXFrameworksBuildPhase section */
		B00222C41ADEB97E0077DDF1 /* Frameworks */ = {
			isa = PBXFrameworksBuildPhase;
			buildActionMask = 2147483647;
			files = (
			);
			runOnlyForDeploymentPostprocessing = 0;
		};
		B00222DD1ADEB97F0077DDF1 /* Frameworks */ = {
			isa = PBXFrameworksBuildPhase;
			buildActionMask = 2147483647;
			files = (
			);
			runOnlyForDeploymentPostprocessing = 0;
		};
/* End PBXFrameworksBuildPhase section */

/* Begin PBXGroup section */
		B00222BE1ADEB97E0077DDF1 = {
			isa = PBXGroup;
			children = (
				B00222C91ADEB97E0077DDF1 /* grubby-worm-swift */,
				B00222E31ADEB97F0077DDF1 /* grubby-worm-swiftTests */,
				B00222C81ADEB97E0077DDF1 /* Products */,
			);
			sourceTree = "<group>";
		};
		B00222C81ADEB97E0077DDF1 /* Products */ = {
			isa = PBXGroup;
			children = (
				B00222C71ADEB97E0077DDF1 /* grubby-worm-swift.app */,
				B00222E01ADEB97F0077DDF1 /* grubby-worm-swiftTests.xctest */,
			);
			name = Products;
			sourceTree = "<group>";
		};
		B00222C91ADEB97E0077DDF1 /* grubby-worm-swift */ = {
			isa = PBXGroup;
			children = (
				B00222CC1ADEB97E0077DDF1 /* AppDelegate.swift */,
				B00222CE1ADEB97E0077DDF1 /* GameScene.sks */,
				B00222D01ADEB97E0077DDF1 /* GameScene.swift */,
				B00222D21ADEB97E0077DDF1 /* GameViewController.swift */,
				B00222D71ADEB97E0077DDF1 /* Images.xcassets */,
				B00222CA1ADEB97E0077DDF1 /* Supporting Files */,
			);
			path = "grubby-worm-swift";
			sourceTree = "<group>";
		};
		B00222CA1ADEB97E0077DDF1 /* Supporting Files */ = {
			isa = PBXGroup;
			children = (
				B00222D41ADEB97E0077DDF1 /* Main.storyboard */,
				B00222D91ADEB97E0077DDF1 /* LaunchScreen.xib */,
				B00222CB1ADEB97E0077DDF1 /* Info.plist */,
			);
			name = "Supporting Files";
			sourceTree = "<group>";
		};
		B00222E31ADEB97F0077DDF1 /* grubby-worm-swiftTests */ = {
			isa = PBXGroup;
			children = (
				B00222E61ADEB97F0077DDF1 /* grubby_worm_swiftTests.swift */,
				B00222E41ADEB97F0077DDF1 /* Supporting Files */,
			);
			path = "grubby-worm-swiftTests";
			sourceTree = "<group>";
		};
		B00222E41ADEB97F0077DDF1 /* Supporting Files */ = {
			isa = PBXGroup;
			children = (
				B00222E51ADEB97F0077DDF1 /* Info.plist */,
			);
			name = "Supporting Files";
			sourceTree = "<group>";
		};
/* End PBXGroup section */

/* Begin PBXNativeTarget section */
		B00222C61ADEB97E0077DDF1 /* grubby-worm-swift */ = {
			isa = PBXNativeTarget;
			buildConfigurationList = B00222EA1ADEB97F0077DDF1 /* Build configuration list for PBXNativeTarget "grubby-worm-swift" */;
			buildPhases = (
				B00222C31ADEB97E0077DDF1 /* Sources */,
				B00222C41ADEB97E0077DDF1 /* Frameworks */,
				B00222C51ADEB97E0077DDF1 /* Resources */,
			);
			buildRules = (
			);
			dependencies = (
			);
			name = "grubby-worm-swift";
			productName = "grubby-worm-swift";
			productReference = B00222C71ADEB97E0077DDF1 /* grubby-worm-swift.app */;
			productType = "com.apple.product-type.application";
		};
		B00222DF1ADEB97F0077DDF1 /* grubby-worm-swiftTests */ = {
			isa = PBXNativeTarget;
			buildConfigurationList = B00222ED1ADEB97F0077DDF1 /* Build configuration list for PBXNativeTarget "grubby-worm-swiftTests" */;
			buildPhases = (
				B00222DC1ADEB97F0077DDF1 /* Sources */,
				B00222DD1ADEB97F0077DDF1 /* Frameworks */,
				B00222DE1ADEB97F0077DDF1 /* Resources */,
			);
			buildRules = (
			);
			dependencies = (
				B00222E21ADEB97F0077DDF1 /* PBXTargetDependency */,
			);
			name = "grubby-worm-swiftTests";
			productName = "grubby-worm-swiftTests";
			productReference = B00222E01ADEB97F0077DDF1 /* grubby-worm-swiftTests.xctest */;
			productType = "com.apple.product-type.bundle.unit-test";
		};
/* End PBXNativeTarget section */

/* Begin PBXProject section */
		B00222BF1ADEB97E0077DDF1 /* Project object */ = {
			isa = PBXProject;
			attributes = {
				LastUpgradeCheck = 0630;
				ORGANIZATIONNAME = Wayne;
				TargetAttributes = {
					B00222C61ADEB97E0077DDF1 = {
						CreatedOnToolsVersion = 6.3;
					};
					B00222DF1ADEB97F0077DDF1 = {
						CreatedOnToolsVersion = 6.3;
						TestTargetID = B00222C61ADEB97E0077DDF1;
					};
				};
			};
			buildConfigurationList = B00222C21ADEB97E0077DDF1 /* Build configuration list for PBXProject "grubby-worm-swift" */;
			compatibilityVersion = "Xcode 3.2";
			developmentRegion = English;
			hasScannedForEncodings = 0;
			knownRegions = (
				en,
				Base,
			);
			mainGroup = B00222BE1ADEB97E0077DDF1;
			productRefGroup = B00222C81ADEB97E0077DDF1 /* Products */;
			projectDirPath = "";
			projectRoot = "";
			targets = (
				B00222C61ADEB97E0077DDF1 /* grubby-worm-swift */,
				B00222DF1ADEB97F0077DDF1 /* grubby-worm-swiftTests */,
			);
		};
/* End PBXProject section */

/* Begin PBXResourcesBuildPhase section */
		B00222C51ADEB97E0077DDF1 /* Resources */ = {
			isa = PBXResourcesBuildPhase;
			buildActionMask = 2147483647;
			files = (
				B00222DB1ADEB97E0077DDF1 /* LaunchScreen.xib in Resources */,
				B00222D81ADEB97E0077DDF1 /* Images.xcassets in Resources */,
				B00222CF1ADEB97E0077DDF1 /* GameScene.sks in Resources */,
				B00222D61ADEB97E0077DDF1 /* Main.storyboard in Resources */,
			);
			runOnlyForDeploymentPostprocessing = 0;
		};
		B00222DE1ADEB97F0077DDF1 /* Resources */ = {
			isa = PBXResourcesBuildPhase;
			buildActionMask = 2147483647;
			files = (
			);
			runOnlyForDeploymentPostprocessing = 0;
		};
/* End PBXResourcesBuildPhase section */

/* Begin PBXSourcesBuildPhase section */
		B00222C31ADEB97E0077DDF1 /* Sources */ = {
			isa = PBXSourcesBuildPhase;
			buildActionMask = 2147483647;
			files = (
				B00222D11ADEB97E0077DDF1 /* GameScene.swift in Sources */,
				B00222D31ADEB97E0077DDF1 /* GameViewController.swift in Sources */,
				B00222CD1ADEB97E0077DDF1 /* AppDelegate.swift in Sources */,
			);
			runOnlyForDeploymentPostprocessing = 0;
		};
		B00222DC1ADEB97F0077DDF1 /* Sources */ = {
			isa = PBXSourcesBuildPhase;
			buildActionMask = 2147483647;
			files = (
				B00222E71ADEB97F0077DDF1 /* grubby_worm_swiftTests.swift in Sources */,
			);
			runOnlyForDeploymentPostprocessing = 0;
		};
/* End PBXSourcesBuildPhase section */

/* Begin PBXTargetDependency section */
		B00222E21ADEB97F0077DDF1 /* PBXTargetDependency */ = {
			isa = PBXTargetDependency;
			target = B00222C61ADEB97E0077DDF1 /* grubby-worm-swift */;
			targetProxy = B00222E11ADEB97F0077DDF1 /* PBXContainerItemProxy */;
		};
/* End PBXTargetDependency section */

/* Begin PBXVariantGroup section */
		B00222D41ADEB97E0077DDF1 /* Main.storyboard */ = {
			isa = PBXVariantGroup;
			children = (
				B00222D51ADEB97E0077DDF1 /* Base */,
			);
			name = Main.storyboard;
			sourceTree = "<group>";
		};
		B00222D91ADEB97E0077DDF1 /* LaunchScreen.xib */ = {
			isa = PBXVariantGroup;
			children = (
				B00222DA1ADEB97E0077DDF1 /* Base */,
			);
			name = LaunchScreen.xib;
			sourceTree = "<group>";
		};
/* End PBXVariantGroup section */

/* Begin XCBuildConfiguration section */
		B00222E81ADEB97F0077DDF1 /* Debug */ = {
			isa = XCBuildConfiguration;
			buildSettings = {
				ALWAYS_SEARCH_USER_PATHS = NO;
				CLANG_CXX_LANGUAGE_STANDARD = "gnu++0x";
				CLANG_CXX_LIBRARY = "libc++";
				CLANG_ENABLE_MODULES = YES;
				CLANG_ENABLE_OBJC_ARC = YES;
				CLANG_WARN_BOOL_CONVERSION = YES;
				CLANG_WARN_CONSTANT_CONVERSION = YES;
				CLANG_WARN_DIRECT_OBJC_ISA_USAGE = YES_ERROR;
				CLANG_WARN_EMPTY_BODY = YES;
				CLANG_WARN_ENUM_CONVERSION = YES;
				CLANG_WARN_INT_CONVERSION = YES;
				CLANG_WARN_OBJC_ROOT_CLASS = YES_ERROR;
				CLANG_WARN_UNREACHABLE_CODE = YES;
				CLANG_WARN__DUPLICATE_METHOD_MATCH = YES;
				"CODE_SIGN_IDENTITY[sdk=iphoneos*]" = "iPhone Developer";
				COPY_PHASE_STRIP = NO;
				DEBUG_INFORMATION_FORMAT = "dwarf-with-dsym";
				ENABLE_STRICT_OBJC_MSGSEND = YES;
				GCC_C_LANGUAGE_STANDARD = gnu99;
				GCC_DYNAMIC_NO_PIC = NO;
				GCC_NO_COMMON_BLOCKS = YES;
				GCC_OPTIMIZATION_LEVEL = 0;
				GCC_PREPROCESSOR_DEFINITIONS = (
					"DEBUG=1",
					"$(inherited)",
				);
				GCC_SYMBOLS_PRIVATE_EXTERN = NO;
				GCC_WARN_64_TO_32_BIT_CONVERSION = YES;
				GCC_WARN_ABOUT_RETURN_TYPE = YES_ERROR;
				GCC_WARN_UNDECLARED_SELECTOR = YES;
				GCC_WARN_UNINITIALIZED_AUTOS = YES_AGGRESSIVE;
				GCC_WARN_UNUSED_FUNCTION = YES;
				GCC_WARN_UNUSED_VARIABLE = YES;
				IPHONEOS_DEPLOYMENT_TARGET = 8.3;
				MTL_ENABLE_DEBUG_INFO = YES;
				ONLY_ACTIVE_ARCH = YES;
				SDKROOT = iphoneos;
				SWIFT_OPTIMIZATION_LEVEL = "-Onone";
				TARGETED_DEVICE_FAMILY = "1,2";
			};
			name = Debug;
		};
		B00222E91ADEB97F0077DDF1 /* Release */ = {
			isa = XCBuildConfiguration;
			buildSettings = {
				ALWAYS_SEARCH_USER_PATHS = NO;
				CLANG_CXX_LANGUAGE_STANDARD = "gnu++0x";
				CLANG_CXX_LIBRARY = "libc++";
				CLANG_ENABLE_MODULES = YES;
				CLANG_ENABLE_OBJC_ARC = YES;
				CLANG_WARN_BOOL_CONVERSION = YES;
				CLANG_WARN_CONSTANT_CONVERSION = YES;
				CLANG_WARN_DIRECT_OBJC_ISA_USAGE = YES_ERROR;
				CLANG_WARN_EMPTY_BODY = YES;
				CLANG_WARN_ENUM_CONVERSION = YES;
				CLANG_WARN_INT_CONVERSION = YES;
				CLANG_WARN_OBJC_ROOT_CLASS = YES_ERROR;
				CLANG_WARN_UNREACHABLE_CODE = YES;
				CLANG_WARN__DUPLICATE_METHOD_MATCH = YES;
				"CODE_SIGN_IDENTITY[sdk=iphoneos*]" = "iPhone Developer";
				COPY_PHASE_STRIP = NO;
				DEBUG_INFORMATION_FORMAT = "dwarf-with-dsym";
				ENABLE_NS_ASSERTIONS = NO;
				ENABLE_STRICT_OBJC_MSGSEND = YES;
				GCC_C_LANGUAGE_STANDARD = gnu99;
				GCC_NO_COMMON_BLOCKS = YES;
				GCC_WARN_64_TO_32_BIT_CONVERSION = YES;
				GCC_WARN_ABOUT_RETURN_TYPE = YES_ERROR;
				GCC_WARN_UNDECLARED_SELECTOR = YES;
				GCC_WARN_UNINITIALIZED_AUTOS = YES_AGGRESSIVE;
				GCC_WARN_UNUSED_FUNCTION = YES;
				GCC_WARN_UNUSED_VARIABLE = YES;
				IPHONEOS_DEPLOYMENT_TARGET = 8.3;
				MTL_ENABLE_DEBUG_INFO = NO;
				SDKROOT = iphoneos;
				TARGETED_DEVICE_FAMILY = "1,2";
				VALIDATE_PRODUCT = YES;
			};
			name = Release;
		};
		B00222EB1ADEB97F0077DDF1 /* Debug */ = {
			isa = XCBuildConfiguration;
			buildSettings = {
				ASSETCATALOG_COMPILER_APPICON_NAME = AppIcon;
				INFOPLIST_FILE = "grubby-worm-swift/Info.plist";
				LD_RUNPATH_SEARCH_PATHS = "$(inherited) @executable_path/Frameworks";
				PRODUCT_NAME = "$(TARGET_NAME)";
				TARGETED_DEVICE_FAMILY = "1,2";
			};
			name = Debug;
		};
		B00222EC1ADEB97F0077DDF1 /* Release */ = {
			isa = XCBuildConfiguration;
			buildSettings = {
				ASSETCATALOG_COMPILER_APPICON_NAME = AppIcon;
				INFOPLIST_FILE = "grubby-worm-swift/Info.plist";
				LD_RUNPATH_SEARCH_PATHS = "$(inherited) @executable_path/Frameworks";
				PRODUCT_NAME = "$(TARGET_NAME)";
				TARGETED_DEVICE_FAMILY = "1,2";
			};
			name = Release;
		};
		B00222EE1ADEB97F0077DDF1 /* Debug */ = {
			isa = XCBuildConfiguration;
			buildSettings = {
				BUNDLE_LOADER = "$(TEST_HOST)";
				FRAMEWORK_SEARCH_PATHS = (
					"$(SDKROOT)/Developer/Library/Frameworks",
					"$(inherited)",
				);
				GCC_PREPROCESSOR_DEFINITIONS = (
					"DEBUG=1",
					"$(inherited)",
				);
				INFOPLIST_FILE = "grubby-worm-swiftTests/Info.plist";
				LD_RUNPATH_SEARCH_PATHS = "$(inherited) @executable_path/Frameworks @loader_path/Frameworks";
				PRODUCT_NAME = "$(TARGET_NAME)";
				TEST_HOST = "$(BUILT_PRODUCTS_DIR)/grubby-worm-swift.app/grubby-worm-swift";
			};
			name = Debug;
		};
		B00222EF1ADEB97F0077DDF1 /* Release */ = {
			isa = XCBuildConfiguration;
			buildSettings = {
				BUNDLE_LOADER = "$(TEST_HOST)";
				FRAMEWORK_SEARCH_PATHS = (
					"$(SDKROOT)/Developer/Library/Frameworks",
					"$(inherited)",
				);
				INFOPLIST_FILE = "grubby-worm-swiftTests/Info.plist";
				LD_RUNPATH_SEARCH_PATHS = "$(inherited) @executable_path/Frameworks @loader_path/Frameworks";
				PRODUCT_NAME = "$(TARGET_NAME)";
				TEST_HOST = "$(BUILT_PRODUCTS_DIR)/grubby-worm-swift.app/grubby-worm-swift";
			};
			name = Release;
		};
/* End XCBuildConfiguration section */

/* Begin XCConfigurationList section */
		B00222C21ADEB97E0077DDF1 /* Build configuration list for PBXProject "grubby-worm-swift" */ = {
			isa = XCConfigurationList;
			buildConfigurations = (
				B00222E81ADEB97F0077DDF1 /* Debug */,
				B00222E91ADEB97F0077DDF1 /* Release */,
			);
			defaultConfigurationIsVisible = 0;
			defaultConfigurationName = Release;
		};
		B00222EA1ADEB97F0077DDF1 /* Build configuration list for PBXNativeTarget "grubby-worm-swift" */ = {
			isa = XCConfigurationList;
			buildConfigurations = (
				B00222EB1ADEB97F0077DDF1 /* Debug */,
				B00222EC1ADEB97F0077DDF1 /* Release */,
			);
			defaultConfigurationIsVisible = 0;
		};
		B00222ED1ADEB97F0077DDF1 /* Build configuration list for PBXNativeTarget "grubby-worm-swiftTests" */ = {
			isa = XCConfigurationList;
			buildConfigurations = (
				B00222EE1ADEB97F0077DDF1 /* Debug */,
				B00222EF1ADEB97F0077DDF1 /* Release */,
			);
			defaultConfigurationIsVisible = 0;
		};
/* End XCConfigurationList section */
	};
	rootObject = B00222BF1ADEB97E0077DDF1 /* Project object */;
}
